// !$*UTF8*$!
{
	archiveVersion = 1;
	classes = {
	};
	objectVersion = 46;
	objects = {

/* Begin PBXBuildFile section */
		68AF82351FB1510100283845 /* PeriodicTableFC.swift in Sources */ = {isa = PBXBuildFile; fileRef = 68AF82341FB1510100283845 /* PeriodicTableFC.swift */; };
		68AF82371FB1582900283845 /* MolecularFC.swift in Sources */ = {isa = PBXBuildFile; fileRef = 68AF82361FB1582900283845 /* MolecularFC.swift */; };
		68B0C8CD1F96A71700389B48 /* AppDelegate.swift in Sources */ = {isa = PBXBuildFile; fileRef = 68B0C8CC1F96A71700389B48 /* AppDelegate.swift */; };
		68B0C8CF1F96A71700389B48 /* CategoriesViewController.swift in Sources */ = {isa = PBXBuildFile; fileRef = 68B0C8CE1F96A71700389B48 /* CategoriesViewController.swift */; };
		68B0C8D21F96A71700389B48 /* Main.storyboard in Resources */ = {isa = PBXBuildFile; fileRef = 68B0C8D01F96A71700389B48 /* Main.storyboard */; };
		68B0C8D41F96A71700389B48 /* Assets.xcassets in Resources */ = {isa = PBXBuildFile; fileRef = 68B0C8D31F96A71700389B48 /* Assets.xcassets */; };
		68B0C8D71F96A71700389B48 /* LaunchScreen.storyboard in Resources */ = {isa = PBXBuildFile; fileRef = 68B0C8D51F96A71700389B48 /* LaunchScreen.storyboard */; };
		68B0C8E31F96B20300389B48 /* FlashCardProtocol.swift in Sources */ = {isa = PBXBuildFile; fileRef = 68B0C8DE1F96B20300389B48 /* FlashCardProtocol.swift */; };
		68B0C8E41F96B20300389B48 /* FlashCardsDictionary.swift in Sources */ = {isa = PBXBuildFile; fileRef = 68B0C8DF1F96B20300389B48 /* FlashCardsDictionary.swift */; };
		68B0C8E51F96B20300389B48 /* FlashCardsModelProtocol.swift in Sources */ = {isa = PBXBuildFile; fileRef = 68B0C8E01F96B20300389B48 /* FlashCardsModelProtocol.swift */; };
		68B0C8E61F96B20300389B48 /* LanguageFC.swift in Sources */ = {isa = PBXBuildFile; fileRef = 68B0C8E11F96B20300389B48 /* LanguageFC.swift */; };
		68B0C8E71F96B20300389B48 /* OOFC.swift in Sources */ = {isa = PBXBuildFile; fileRef = 68B0C8E21F96B20300389B48 /* OOFC.swift */; };
		68B0C8EC1F96D77900389B48 /* FlashCardViewController.swift in Sources */ = {isa = PBXBuildFile; fileRef = 68B0C8EB1F96D77900389B48 /* FlashCardViewController.swift */; };
		68B0C8F01F96E0D700389B48 /* FlashCard.swift in Sources */ = {isa = PBXBuildFile; fileRef = 68B0C8EF1F96E0D700389B48 /* FlashCard.swift */; };
		68B0C8F21F96E0E900389B48 /* FlashCardsModel.swift in Sources */ = {isa = PBXBuildFile; fileRef = 68B0C8F11F96E0E900389B48 /* FlashCardsModel.swift */; };
/* End PBXBuildFile section */

/* Begin PBXFileReference section */
		68AF82341FB1510100283845 /* PeriodicTableFC.swift */ = {isa = PBXFileReference; fileEncoding = 4; lastKnownFileType = sourcecode.swift; path = PeriodicTableFC.swift; sourceTree = "<group>"; };
		68AF82361FB1582900283845 /* MolecularFC.swift */ = {isa = PBXFileReference; fileEncoding = 4; lastKnownFileType = sourcecode.swift; path = MolecularFC.swift; sourceTree = "<group>"; };
		68B0C8C91F96A71700389B48 /* TalkingFlashCards.app */ = {isa = PBXFileReference; explicitFileType = wrapper.application; includeInIndex = 0; path = TalkingFlashCards.app; sourceTree = BUILT_PRODUCTS_DIR; };
		68B0C8CC1F96A71700389B48 /* AppDelegate.swift */ = {isa = PBXFileReference; lastKnownFileType = sourcecode.swift; path = AppDelegate.swift; sourceTree = "<group>"; };
		68B0C8CE1F96A71700389B48 /* CategoriesViewController.swift */ = {isa = PBXFileReference; lastKnownFileType = sourcecode.swift; path = CategoriesViewController.swift; sourceTree = "<group>"; };
		68B0C8D11F96A71700389B48 /* Base */ = {isa = PBXFileReference; lastKnownFileType = file.storyboard; name = Base; path = Base.lproj/Main.storyboard; sourceTree = "<group>"; };
		68B0C8D31F96A71700389B48 /* Assets.xcassets */ = {isa = PBXFileReference; lastKnownFileType = folder.assetcatalog; path = Assets.xcassets; sourceTree = "<group>"; };
		68B0C8D61F96A71700389B48 /* Base */ = {isa = PBXFileReference; lastKnownFileType = file.storyboard; name = Base; path = Base.lproj/LaunchScreen.storyboard; sourceTree = "<group>"; };
		68B0C8D81F96A71700389B48 /* Info.plist */ = {isa = PBXFileReference; lastKnownFileType = text.plist.xml; path = Info.plist; sourceTree = "<group>"; };
		68B0C8DE1F96B20300389B48 /* FlashCardProtocol.swift */ = {isa = PBXFileReference; fileEncoding = 4; lastKnownFileType = sourcecode.swift; name = FlashCardProtocol.swift; path = ../../Program2Files/FlashCardProtocol.swift; sourceTree = "<group>"; };
		68B0C8DF1F96B20300389B48 /* FlashCardsDictionary.swift */ = {isa = PBXFileReference; fileEncoding = 4; lastKnownFileType = sourcecode.swift; name = FlashCardsDictionary.swift; path = ../../Program2Files/FlashCardsDictionary.swift; sourceTree = "<group>"; };
		68B0C8E01F96B20300389B48 /* FlashCardsModelProtocol.swift */ = {isa = PBXFileReference; fileEncoding = 4; lastKnownFileType = sourcecode.swift; name = FlashCardsModelProtocol.swift; path = ../../Program2Files/FlashCardsModelProtocol.swift; sourceTree = "<group>"; };
		68B0C8E11F96B20300389B48 /* LanguageFC.swift */ = {isa = PBXFileReference; fileEncoding = 4; lastKnownFileType = sourcecode.swift; name = LanguageFC.swift; path = ../../Program2Files/LanguageFC.swift; sourceTree = "<group>"; };
		68B0C8E21F96B20300389B48 /* OOFC.swift */ = {isa = PBXFileReference; fileEncoding = 4; lastKnownFileType = sourcecode.swift; name = OOFC.swift; path = ../../Program2Files/OOFC.swift; sourceTree = "<group>"; };
		68B0C8EB1F96D77900389B48 /* FlashCardViewController.swift */ = {isa = PBXFileReference; fileEncoding = 4; lastKnownFileType = sourcecode.swift; path = FlashCardViewController.swift; sourceTree = "<group>"; };
		68B0C8EF1F96E0D700389B48 /* FlashCard.swift */ = {isa = PBXFileReference; fileEncoding = 4; lastKnownFileType = sourcecode.swift; path = FlashCard.swift; sourceTree = "<group>"; };
		68B0C8F11F96E0E900389B48 /* FlashCardsModel.swift */ = {isa = PBXFileReference; fileEncoding = 4; lastKnownFileType = sourcecode.swift; path = FlashCardsModel.swift; sourceTree = "<group>"; };
/* End PBXFileReference section */

/* Begin PBXFrameworksBuildPhase section */
		68B0C8C61F96A71700389B48 /* Frameworks */ = {
			isa = PBXFrameworksBuildPhase;
			buildActionMask = 2147483647;
			files = (
			);
			runOnlyForDeploymentPostprocessing = 0;
		};
/* End PBXFrameworksBuildPhase section */

/* Begin PBXGroup section */
		68AF82381FB22C6500283845 /* FlashCards */ = {
			isa = PBXGroup;
			children = (
				68B0C8E11F96B20300389B48 /* LanguageFC.swift */,
				68AF82341FB1510100283845 /* PeriodicTableFC.swift */,
				68AF82361FB1582900283845 /* MolecularFC.swift */,
				68B0C8E21F96B20300389B48 /* OOFC.swift */,
				68B0C8DF1F96B20300389B48 /* FlashCardsDictionary.swift */,
			);
			name = FlashCards;
			sourceTree = "<group>";
		};
		68B0C8C01F96A71700389B48 = {
			isa = PBXGroup;
			children = (
				68B0C8CB1F96A71700389B48 /* TalkingFlashCards */,
				68B0C8CA1F96A71700389B48 /* Products */,
			);
			sourceTree = "<group>";
		};
		68B0C8CA1F96A71700389B48 /* Products */ = {
			isa = PBXGroup;
			children = (
				68B0C8C91F96A71700389B48 /* TalkingFlashCards.app */,
			);
			name = Products;
			sourceTree = "<group>";
		};
		68B0C8CB1F96A71700389B48 /* TalkingFlashCards */ = {
			isa = PBXGroup;
			children = (
				68B0C8ED1F96DFF700389B48 /* Models */,
				68B0C8F31F96E21400389B48 /* Protocols */,
				68B0C8EE1F96E02500389B48 /* Controllers */,
				68B0C8D01F96A71700389B48 /* Main.storyboard */,
				68B0C8D31F96A71700389B48 /* Assets.xcassets */,
				68B0C8CC1F96A71700389B48 /* AppDelegate.swift */,
				68B0C8D51F96A71700389B48 /* LaunchScreen.storyboard */,
				68B0C8D81F96A71700389B48 /* Info.plist */,
			);
			path = TalkingFlashCards;
			sourceTree = "<group>";
		};
		68B0C8ED1F96DFF700389B48 /* Models */ = {
			isa = PBXGroup;
			children = (
				68B0C8EF1F96E0D700389B48 /* FlashCard.swift */,
				68B0C8F11F96E0E900389B48 /* FlashCardsModel.swift */,
				68AF82381FB22C6500283845 /* FlashCards */,
			);
			name = Models;
			sourceTree = "<group>";
		};
		68B0C8EE1F96E02500389B48 /* Controllers */ = {
			isa = PBXGroup;
			children = (
				68B0C8CE1F96A71700389B48 /* CategoriesViewController.swift */,
				68B0C8EB1F96D77900389B48 /* FlashCardViewController.swift */,
			);
			name = Controllers;
			sourceTree = "<group>";
		};
		68B0C8F31F96E21400389B48 /* Protocols */ = {
			isa = PBXGroup;
			children = (
				68B0C8E01F96B20300389B48 /* FlashCardsModelProtocol.swift */,
				68B0C8DE1F96B20300389B48 /* FlashCardProtocol.swift */,
			);
			name = Protocols;
			sourceTree = "<group>";
		};
/* End PBXGroup section */

/* Begin PBXNativeTarget section */
		68B0C8C81F96A71700389B48 /* TalkingFlashCards */ = {
			isa = PBXNativeTarget;
			buildConfigurationList = 68B0C8DB1F96A71700389B48 /* Build configuration list for PBXNativeTarget "TalkingFlashCards" */;
			buildPhases = (
				68B0C8C51F96A71700389B48 /* Sources */,
				68B0C8C61F96A71700389B48 /* Frameworks */,
				68B0C8C71F96A71700389B48 /* Resources */,
			);
			buildRules = (
			);
			dependencies = (
			);
			name = TalkingFlashCards;
			productName = TalkingFlashCards;
			productReference = 68B0C8C91F96A71700389B48 /* TalkingFlashCards.app */;
			productType = "com.apple.product-type.application";
		};
/* End PBXNativeTarget section */

/* Begin PBXProject section */
		68B0C8C11F96A71700389B48 /* Project object */ = {
			isa = PBXProject;
			attributes = {
				LastSwiftUpdateCheck = 0830;
				LastUpgradeCheck = 0830;
				ORGANIZATIONNAME = "Dunkley, Rachel A";
				TargetAttributes = {
					68B0C8C81F96A71700389B48 = {
						CreatedOnToolsVersion = 8.3.3;
						DevelopmentTeam = Q9QAV4FBJV;
						ProvisioningStyle = Automatic;
					};
				};
			};
			buildConfigurationList = 68B0C8C41F96A71700389B48 /* Build configuration list for PBXProject "TalkingFlashCards" */;
			compatibilityVersion = "Xcode 3.2";
			developmentRegion = English;
			hasScannedForEncodings = 0;
			knownRegions = (
				en,
				Base,
			);
			mainGroup = 68B0C8C01F96A71700389B48;
			productRefGroup = 68B0C8CA1F96A71700389B48 /* Products */;
			projectDirPath = "";
			projectRoot = "";
			targets = (
				68B0C8C81F96A71700389B48 /* TalkingFlashCards */,
			);
		};
/* End PBXProject section */

/* Begin PBXResourcesBuildPhase section */
		68B0C8C71F96A71700389B48 /* Resources */ = {
			isa = PBXResourcesBuildPhase;
			buildActionMask = 2147483647;
			files = (
				68B0C8D71F96A71700389B48 /* LaunchScreen.storyboard in Resources */,
				68B0C8D41F96A71700389B48 /* Assets.xcassets in Resources */,
				68B0C8D21F96A71700389B48 /* Main.storyboard in Resources */,
			);
			runOnlyForDeploymentPostprocessing = 0;
		};
/* End PBXResourcesBuildPhase section */

/* Begin PBXSourcesBuildPhase section */
		68B0C8C51F96A71700389B48 /* Sources */ = {
			isa = PBXSourcesBuildPhase;
			buildActionMask = 2147483647;
			files = (
				68B0C8E31F96B20300389B48 /* FlashCardProtocol.swift in Sources */,
				68AF82371FB1582900283845 /* MolecularFC.swift in Sources */,
				68B0C8E51F96B20300389B48 /* FlashCardsModelProtocol.swift in Sources */,
				68AF82351FB1510100283845 /* PeriodicTableFC.swift in Sources */,
				68B0C8CF1F96A71700389B48 /* CategoriesViewController.swift in Sources */,
				68B0C8F01F96E0D700389B48 /* FlashCard.swift in Sources */,
				68B0C8E41F96B20300389B48 /* FlashCardsDictionary.swift in Sources */,
				68B0C8E71F96B20300389B48 /* OOFC.swift in Sources */,
				68B0C8E61F96B20300389B48 /* LanguageFC.swift in Sources */,
				68B0C8CD1F96A71700389B48 /* AppDelegate.swift in Sources */,
				68B0C8F21F96E0E900389B48 /* FlashCardsModel.swift in Sources */,
				68B0C8EC1F96D77900389B48 /* FlashCardViewController.swift in Sources */,
			);
			runOnlyForDeploymentPostprocessing = 0;
		};
/* End PBXSourcesBuildPhase section */

/* Begin PBXVariantGroup section */
		68B0C8D01F96A71700389B48 /* Main.storyboard */ = {
			isa = PBXVariantGroup;
			children = (
				68B0C8D11F96A71700389B48 /* Base */,
			);
			name = Main.storyboard;
			sourceTree = "<group>";
		};
		68B0C8D51F96A71700389B48 /* LaunchScreen.storyboard */ = {
			isa = PBXVariantGroup;
			children = (
				68B0C8D61F96A71700389B48 /* Base */,
			);
			name = LaunchScreen.storyboard;
			sourceTree = "<group>";
		};
/* End PBXVariantGroup section */

/* Begin XCBuildConfiguration section */
		68B0C8D91F96A71700389B48 /* Debug */ = {
			isa = XCBuildConfiguration;
			buildSettings = {
				ALWAYS_SEARCH_USER_PATHS = NO;
				CLANG_ANALYZER_NONNULL = YES;
				CLANG_ANALYZER_NUMBER_OBJECT_CONVERSION = YES_AGGRESSIVE;
				CLANG_CXX_LANGUAGE_STANDARD = "gnu++0x";
				CLANG_CXX_LIBRARY = "libc++";
				CLANG_ENABLE_MODULES = YES;
				CLANG_ENABLE_OBJC_ARC = YES;
				CLANG_WARN_BOOL_CONVERSION = YES;
				CLANG_WARN_CONSTANT_CONVERSION = YES;
				CLANG_WARN_DIRECT_OBJC_ISA_USAGE = YES_ERROR;
				CLANG_WARN_DOCUMENTATION_COMMENTS = YES;
				CLANG_WARN_EMPTY_BODY = YES;
				CLANG_WARN_ENUM_CONVERSION = YES;
				CLANG_WARN_INFINITE_RECURSION = YES;
				CLANG_WARN_INT_CONVERSION = YES;
				CLANG_WARN_OBJC_ROOT_CLASS = YES_ERROR;
				CLANG_WARN_SUSPICIOUS_MOVE = YES;
				CLANG_WARN_UNREACHABLE_CODE = YES;
				CLANG_WARN__DUPLICATE_METHOD_MATCH = YES;
				"CODE_SIGN_IDENTITY[sdk=iphoneos*]" = "iPhone Developer";
				COPY_PHASE_STRIP = NO;
				DEBUG_INFORMATION_FORMAT = dwarf;
				ENABLE_STRICT_OBJC_MSGSEND = YES;
				ENABLE_TESTABILITY = YES;
				GCC_C_LANGUAGE_STANDARD = gnu99;
				GCC_DYNAMIC_NO_PIC = NO;
				GCC_NO_COMMON_BLOCKS = YES;
				GCC_OPTIMIZATION_LEVEL = 0;
				GCC_PREPROCESSOR_DEFINITIONS = (
					"DEBUG=1",
					"$(inherited)",
				);
				GCC_WARN_64_TO_32_BIT_CONVERSION = YES;
				GCC_WARN_ABOUT_RETURN_TYPE = YES_ERROR;
				GCC_WARN_UNDECLARED_SELECTOR = YES;
				GCC_WARN_UNINITIALIZED_AUTOS = YES_AGGRESSIVE;
				GCC_WARN_UNUSED_FUNCTION = YES;
				GCC_WARN_UNUSED_VARIABLE = YES;
				IPHONEOS_DEPLOYMENT_TARGET = 10.3;
				MTL_ENABLE_DEBUG_INFO = YES;
				ONLY_ACTIVE_ARCH = YES;
				SDKROOT = iphoneos;
				SWIFT_ACTIVE_COMPILATION_CONDITIONS = DEBUG;
				SWIFT_OPTIMIZATION_LEVEL = "-Onone";
				TARGETED_DEVICE_FAMILY = "1,2";
			};
			name = Debug;
		};
		68B0C8DA1F96A71700389B48 /* Release */ = {
			isa = XCBuildConfiguration;
			buildSettings = {
				ALWAYS_SEARCH_USER_PATHS = NO;
				CLANG_ANALYZER_NONNULL = YES;
				CLANG_ANALYZER_NUMBER_OBJECT_CONVERSION = YES_AGGRESSIVE;
				CLANG_CXX_LANGUAGE_STANDARD = "gnu++0x";
				CLANG_CXX_LIBRARY = "libc++";
				CLANG_ENABLE_MODULES = YES;
				CLANG_ENABLE_OBJC_ARC = YES;
				CLANG_WARN_BOOL_CONVERSION = YES;
				CLANG_WARN_CONSTANT_CONVERSION = YES;
				CLANG_WARN_DIRECT_OBJC_ISA_USAGE = YES_ERROR;
				CLANG_WARN_DOCUMENTATION_COMMENTS = YES;
				CLANG_WARN_EMPTY_BODY = YES;
				CLANG_WARN_ENUM_CONVERSION = YES;
				CLANG_WARN_INFINITE_RECURSION = YES;
				CLANG_WARN_INT_CONVERSION = YES;
				CLANG_WARN_OBJC_ROOT_CLASS = YES_ERROR;
				CLANG_WARN_SUSPICIOUS_MOVE = YES;
				CLANG_WARN_UNREACHABLE_CODE = YES;
				CLANG_WARN__DUPLICATE_METHOD_MATCH = YES;
				"CODE_SIGN_IDENTITY[sdk=iphoneos*]" = "iPhone Developer";
				COPY_PHASE_STRIP = NO;
				DEBUG_INFORMATION_FORMAT = "dwarf-with-dsym";
				ENABLE_NS_ASSERTIONS = NO;
				ENABLE_STRICT_OBJC_MSGSEND = YES;
				GCC_C_LANGUAGE_STANDARD = gnu99;
				GCC_NO_COMMON_BLOCKS = YES;
				GCC_WARN_64_TO_32_BIT_CONVERSION = YES;
				GCC_WARN_ABOUT_RETURN_TYPE = YES_ERROR;
				GCC_WARN_UNDECLARED_SELECTOR = YES;
				GCC_WARN_UNINITIALIZED_AUTOS = YES_AGGRESSIVE;
				GCC_WARN_UNUSED_FUNCTION = YES;
				GCC_WARN_UNUSED_VARIABLE = YES;
				IPHONEOS_DEPLOYMENT_TARGET = 10.3;
				MTL_ENABLE_DEBUG_INFO = NO;
				SDKROOT = iphoneos;
				SWIFT_OPTIMIZATION_LEVEL = "-Owholemodule";
				TARGETED_DEVICE_FAMILY = "1,2";
				VALIDATE_PRODUCT = YES;
			};
			name = Release;
		};
		68B0C8DC1F96A71700389B48 /* Debug */ = {
			isa = XCBuildConfiguration;
			buildSettings = {
				ASSETCATALOG_COMPILER_APPICON_NAME = AppIcon;
				DEVELOPMENT_TEAM = Q9QAV4FBJV;
				INFOPLIST_FILE = TalkingFlashCards/Info.plist;
				LD_RUNPATH_SEARCH_PATHS = "$(inherited) @executable_path/Frameworks";
				PRODUCT_BUNDLE_IDENTIFIER = com.rdunkley.TalkingFlashCards;
				PRODUCT_NAME = "$(TARGET_NAME)";
				SWIFT_VERSION = 3.0;
			};
			name = Debug;
		};
		68B0C8DD1F96A71700389B48 /* Release */ = {
			isa = XCBuildConfiguration;
			buildSettings = {
				ASSETCATALOG_COMPILER_APPICON_NAME = AppIcon;
				DEVELOPMENT_TEAM = Q9QAV4FBJV;
				INFOPLIST_FILE = TalkingFlashCards/Info.plist;
				LD_RUNPATH_SEARCH_PATHS = "$(inherited) @executable_path/Frameworks";
				PRODUCT_BUNDLE_IDENTIFIER = com.rdunkley.TalkingFlashCards;
				PRODUCT_NAME = "$(TARGET_NAME)";
				SWIFT_VERSION = 3.0;
			};
			name = Release;
		};
/* End XCBuildConfiguration section */

/* Begin XCConfigurationList section */
		68B0C8C41F96A71700389B48 /* Build configuration list for PBXProject "TalkingFlashCards" */ = {
			isa = XCConfigurationList;
			buildConfigurations = (
				68B0C8D91F96A71700389B48 /* Debug */,
				68B0C8DA1F96A71700389B48 /* Release */,
			);
			defaultConfigurationIsVisible = 0;
			defaultConfigurationName = Release;
		};
		68B0C8DB1F96A71700389B48 /* Build configuration list for PBXNativeTarget "TalkingFlashCards" */ = {
			isa = XCConfigurationList;
			buildConfigurations = (
				68B0C8DC1F96A71700389B48 /* Debug */,
				68B0C8DD1F96A71700389B48 /* Release */,
			);
			defaultConfigurationIsVisible = 0;
			defaultConfigurationName = Release;
		};
/* End XCConfigurationList section */
	};
	rootObject = 68B0C8C11F96A71700389B48 /* Project object */;
}
